
Microsoft Visual Studio Solution File, Format Version 12.00
# Visual Studio Version 16
VisualStudioVersion = 16.0.31624.102
MinimumVisualStudioVersion = 10.0.40219.1
Project("{FAE04EC0-301F-11D3-BF4B-00C04F79EFBC}") = "laba12.1", "laba12.1\laba12.1.csproj", "{0DB7B61A-5002-4872-93A8-431419B309B3}"
EndProject
Global
	GlobalSection(SolutionConfigurationPlatforms) = preSolution
		Debug|Any CPU = Debug|Any CPU
		Release|Any CPU = Release|Any CPU
	EndGlobalSection
	GlobalSection(ProjectConfigurationPlatforms) = postSolution
		{0DB7B61A-5002-4872-93A8-431419B309B3}.Debug|Any CPU.ActiveCfg = Debug|Any CPU
		{0DB7B61A-5002-4872-93A8-431419B309B3}.Debug|Any CPU.Build.0 = Debug|Any CPU
		{0DB7B61A-5002-4872-93A8-431419B309B3}.Release|Any CPU.ActiveCfg = Release|Any CPU
		{0DB7B61A-5002-4872-93A8-431419B309B3}.Release|Any CPU.Build.0 = Release|Any CPU
	EndGlobalSection
	GlobalSection(SolutionProperties) = preSolution
		HideSolutionNode = FALSE
	EndGlobalSection
	GlobalSection(ExtensibilityGlobals) = postSolution
		SolutionGuid = {C2302F6E-4923-4FC7-9A5B-5F028E519138}
	EndGlobalSection
EndGlobal
